Microsoft Visual Studio Solution File, Format Version 11.00
# Visual Studio 2008

Project("{168DF315-C87C-BE3F-A9D9-08FFB792325F}") = "D01", "Assembly-CSharp.csproj", "{4FF029EC-7D42-7A4A-1FAA-F5CF48537248}"
EndProject
Global
	GlobalSection(SolutionConfigurationPlatforms) = preSolution
		Debug|Any CPU = Debug|Any CPU
		Release|Any CPU = Release|Any CPU
	EndGlobalSection
	GlobalSection(ProjectConfigurationPlatforms) = postSolution
		{4FF029EC-7D42-7A4A-1FAA-F5CF48537248}.Debug|Any CPU.ActiveCfg = Debug|Any CPU
		{4FF029EC-7D42-7A4A-1FAA-F5CF48537248}.Debug|Any CPU.Build.0 = Debug|Any CPU
		{4FF029EC-7D42-7A4A-1FAA-F5CF48537248}.Release|Any CPU.ActiveCfg = Release|Any CPU
		{4FF029EC-7D42-7A4A-1FAA-F5CF48537248}.Release|Any CPU.Build.0 = Release|Any CPU
	EndGlobalSection
	GlobalSection(SolutionProperties) = preSolution
		HideSolutionNode = FALSE
	EndGlobalSection
	GlobalSection(MonoDevelopProperties) = preSolution
		StartupItem = Assembly-CSharp.csproj
	EndGlobalSection
EndGlobal
