
Microsoft Visual Studio Solution File, Format Version 12.00
# Visual Studio 2015
Project("{FAE04EC0-301F-11D3-BF4B-00C04F79EFBC}") = "D03", "D03.csproj", "{9341EBFE-4C61-036A-501C-81BB1F1A7BB2}"
EndProject
Project("{FAE04EC0-301F-11D3-BF4B-00C04F79EFBC}") = "D03.Editor", "D03.Editor.csproj", "{6047FBA3-5BA0-C8C3-DE16-7FC302A6CDFF}"
EndProject
Global
	GlobalSection(SolutionConfigurationPlatforms) = preSolution
		Debug|Any CPU = Debug|Any CPU
		Release|Any CPU = Release|Any CPU
	EndGlobalSection
	GlobalSection(ProjectConfigurationPlatforms) = postSolution
		{9341EBFE-4C61-036A-501C-81BB1F1A7BB2}.Debug|Any CPU.ActiveCfg = Debug|Any CPU
		{9341EBFE-4C61-036A-501C-81BB1F1A7BB2}.Debug|Any CPU.Build.0 = Debug|Any CPU
		{9341EBFE-4C61-036A-501C-81BB1F1A7BB2}.Release|Any CPU.ActiveCfg = Release|Any CPU
		{9341EBFE-4C61-036A-501C-81BB1F1A7BB2}.Release|Any CPU.Build.0 = Release|Any CPU
		{6047FBA3-5BA0-C8C3-DE16-7FC302A6CDFF}.Debug|Any CPU.ActiveCfg = Debug|Any CPU
		{6047FBA3-5BA0-C8C3-DE16-7FC302A6CDFF}.Debug|Any CPU.Build.0 = Debug|Any CPU
		{6047FBA3-5BA0-C8C3-DE16-7FC302A6CDFF}.Release|Any CPU.ActiveCfg = Release|Any CPU
		{6047FBA3-5BA0-C8C3-DE16-7FC302A6CDFF}.Release|Any CPU.Build.0 = Release|Any CPU
	EndGlobalSection
	GlobalSection(SolutionProperties) = preSolution
		HideSolutionNode = FALSE
	EndGlobalSection
EndGlobal
